
Microsoft Visual Studio Solution File, Format Version 12.00
# Visual Studio 15
VisualStudioVersion = 15.0.27428.2037
MinimumVisualStudioVersion = 10.0.40219.1
Project("{FAE04EC0-301F-11D3-BF4B-00C04F79EFBC}") = "Exam", "Exam\Exam.csproj", "{CAF1BAB5-B177-46CA-A2E2-05CDFC18C60B}"
EndProject
Global
	GlobalSection(SolutionConfigurationPlatforms) = preSolution
		Debug|Any CPU = Debug|Any CPU
		Release|Any CPU = Release|Any CPU
	EndGlobalSection
	GlobalSection(ProjectConfigurationPlatforms) = postSolution
		{CAF1BAB5-B177-46CA-A2E2-05CDFC18C60B}.Debug|Any CPU.ActiveCfg = Debug|Any CPU
		{CAF1BAB5-B177-46CA-A2E2-05CDFC18C60B}.Debug|Any CPU.Build.0 = Debug|Any CPU
		{CAF1BAB5-B177-46CA-A2E2-05CDFC18C60B}.Release|Any CPU.ActiveCfg = Release|Any CPU
		{CAF1BAB5-B177-46CA-A2E2-05CDFC18C60B}.Release|Any CPU.Build.0 = Release|Any CPU
	EndGlobalSection
	GlobalSection(SolutionProperties) = preSolution
		HideSolutionNode = FALSE
	EndGlobalSection
	GlobalSection(ExtensibilityGlobals) = postSolution
		SolutionGuid = {BECD0443-19F6-45F8-8E93-EBF6AD748113}
	EndGlobalSection
EndGlobal
